GEM
  remote: https://rubygems.org/
  specs:
    gems (1.3.0)
    rake (13.4.2)

PLATFORMS
  ruby
  x86_64-linux

DEPENDENCIES
  gems (~> 1.2)
  rake (~> 13.0)

CHECKSUMS
  bundler (4.0.14) sha256=d09a0a965cf772266a7e49e83610be7c2f4e49e61134c42a56804bb383cc24b8
  gems (1.3.0) sha256=37e7fb834365f39d3c2c649f0a7017288b0fe9ca69d3056b6760b53468b585ae
  rake (13.4.2) sha256=cb825b2bd5f1f8e91ca37bddb4b9aaf345551b4731da62949be002fa89283701

BUNDLED WITH
  4.0.14
